
Microsoft Visual Studio Solution File, Format Version 12.00
# Visual Studio Version 17
VisualStudioVersion = 17.12.35707.178
MinimumVisualStudioVersion = 10.0.40219.1
Project("{FAE04EC0-301F-11D3-BF4B-00C04F79EFBC}") = "Task1_1", "Task1_1\Task1_1.csproj", "{09554BFA-0161-479A-BD41-7B51CE0E3B04}"
EndProject
Project("{FAE04EC0-301F-11D3-BF4B-00C04F79EFBC}") = "Task1_2", "Task1_2\Task1_2.csproj", "{7675EEA9-2B11-4964-ABBF-189C27AE6D97}"
EndProject
Project("{FAE04EC0-301F-11D3-BF4B-00C04F79EFBC}") = "Task2_1", "Task2_1\Task2_1.csproj", "{E051D502-2B37-40E3-9433-BA9FF98FCB2F}"
EndProject
Project("{FAE04EC0-301F-11D3-BF4B-00C04F79EFBC}") = "Task2_2", "Task2_2\Task2_2.csproj", "{3147BE9B-0E0E-4BCF-8EC6-22013B9D1730}"
EndProject
Project("{FAE04EC0-301F-11D3-BF4B-00C04F79EFBC}") = "Task2_3", "Task2_3\Task2_3.csproj", "{7A06A577-28C5-4668-876C-F2BF20F85B9D}"
EndProject
Project("{FAE04EC0-301F-11D3-BF4B-00C04F79EFBC}") = "Task2_4", "Task2_4\Task2_4.csproj", "{5BDF56D6-F0E9-43D1-A54D-E4F3D6ED5191}"
EndProject
Project("{FAE04EC0-301F-11D3-BF4B-00C04F79EFBC}") = "Task2_5", "Task2_5\Task2_5.csproj", "{F55FFC36-21D2-40FD-8E38-27A0DD31641F}"
EndProject
Project("{FAE04EC0-301F-11D3-BF4B-00C04F79EFBC}") = "Task2_6", "Task2_6\Task2_6.csproj", "{D32EF3D6-CDFC-4F8D-9A6D-602B007A1A00}"
EndProject
Project("{FAE04EC0-301F-11D3-BF4B-00C04F79EFBC}") = "Task2_7", "Taks2_7\Task2_7.csproj", "{011C0AE4-9E8D-45D2-9D25-56D1EB2AF8ED}"
EndProject
Project("{FAE04EC0-301F-11D3-BF4B-00C04F79EFBC}") = "Task3_1", "Task3_1\Task3_1.csproj", "{DF48D5DC-C0DA-41EC-A1FF-8CFFBB942371}"
EndProject
Project("{FAE04EC0-301F-11D3-BF4B-00C04F79EFBC}") = "Task3_2", "Task3_2\Task3_2.csproj", "{8FEBF51F-E76C-4089-8D72-75C466DCABC0}"
EndProject
Project("{FAE04EC0-301F-11D3-BF4B-00C04F79EFBC}") = "Task3_3", "Task3_3\Task3_3.csproj", "{0963FE04-BA14-4214-A0C4-4813DC9BED53}"
EndProject
Project("{FAE04EC0-301F-11D3-BF4B-00C04F79EFBC}") = "Task3_4", "Task3_4\Task3_4.csproj", "{F1EB1380-4CF1-4257-AD26-7B2AE15CA64B}"
EndProject
Project("{FAE04EC0-301F-11D3-BF4B-00C04F79EFBC}") = "Task3_5", "Task3_5\Task3_5.csproj", "{6E212242-5224-4856-A353-35D3B3210D7B}"
EndProject
Project("{FAE04EC0-301F-11D3-BF4B-00C04F79EFBC}") = "Task3_6", "Task3_6\Task3_6.csproj", "{2FD94273-158F-4ECF-BFE2-9B7A5AF8F08C}"
EndProject
Project("{FAE04EC0-301F-11D3-BF4B-00C04F79EFBC}") = "Task3_7", "Task5_7\Task3_7.csproj", "{2F824D4B-C7E4-4EA8-BD4B-812E379DA218}"
EndProject
Project("{FAE04EC0-301F-11D3-BF4B-00C04F79EFBC}") = "Task3_8", "Task5_8\Task3_8.csproj", "{C1668E78-31C4-4E85-B6F2-E4FB07C28A77}"
EndProject
Project("{FAE04EC0-301F-11D3-BF4B-00C04F79EFBC}") = "Task3_9", "Task3_9\Task3_9.csproj", "{FF8AD0FA-8116-4016-ABC0-2F5205DD7BE2}"
EndProject
Project("{FAE04EC0-301F-11D3-BF4B-00C04F79EFBC}") = "Task3_10", "Task3_10\Task3_10.csproj", "{4FDDF6EB-FC6D-471E-890B-EB58EA071466}"
EndProject
Project("{FAE04EC0-301F-11D3-BF4B-00C04F79EFBC}") = "Task3_11", "Task3_11\Task3_11.csproj", "{2DC6045C-DC93-4C86-AC6F-640660594700}"
EndProject
Project("{FAE04EC0-301F-11D3-BF4B-00C04F79EFBC}") = "Task3_12", "Task3_12\Task3_12.csproj", "{F03D427B-A8A3-43DA-91C1-132ADB83B940}"
EndProject
Global
	GlobalSection(SolutionConfigurationPlatforms) = preSolution
		Debug|Any CPU = Debug|Any CPU
		Release|Any CPU = Release|Any CPU
	EndGlobalSection
	GlobalSection(ProjectConfigurationPlatforms) = postSolution
		{09554BFA-0161-479A-BD41-7B51CE0E3B04}.Debug|Any CPU.ActiveCfg = Debug|Any CPU
		{09554BFA-0161-479A-BD41-7B51CE0E3B04}.Debug|Any CPU.Build.0 = Debug|Any CPU
		{09554BFA-0161-479A-BD41-7B51CE0E3B04}.Release|Any CPU.ActiveCfg = Release|Any CPU
		{09554BFA-0161-479A-BD41-7B51CE0E3B04}.Release|Any CPU.Build.0 = Release|Any CPU
		{7675EEA9-2B11-4964-ABBF-189C27AE6D97}.Debug|Any CPU.ActiveCfg = Debug|Any CPU
		{7675EEA9-2B11-4964-ABBF-189C27AE6D97}.Debug|Any CPU.Build.0 = Debug|Any CPU
		{7675EEA9-2B11-4964-ABBF-189C27AE6D97}.Release|Any CPU.ActiveCfg = Release|Any CPU
		{7675EEA9-2B11-4964-ABBF-189C27AE6D97}.Release|Any CPU.Build.0 = Release|Any CPU
		{E051D502-2B37-40E3-9433-BA9FF98FCB2F}.Debug|Any CPU.ActiveCfg = Debug|Any CPU
		{E051D502-2B37-40E3-9433-BA9FF98FCB2F}.Debug|Any CPU.Build.0 = Debug|Any CPU
		{E051D502-2B37-40E3-9433-BA9FF98FCB2F}.Release|Any CPU.ActiveCfg = Release|Any CPU
		{E051D502-2B37-40E3-9433-BA9FF98FCB2F}.Release|Any CPU.Build.0 = Release|Any CPU
		{3147BE9B-0E0E-4BCF-8EC6-22013B9D1730}.Debug|Any CPU.ActiveCfg = Debug|Any CPU
		{3147BE9B-0E0E-4BCF-8EC6-22013B9D1730}.Debug|Any CPU.Build.0 = Debug|Any CPU
		{3147BE9B-0E0E-4BCF-8EC6-22013B9D1730}.Release|Any CPU.ActiveCfg = Release|Any CPU
		{3147BE9B-0E0E-4BCF-8EC6-22013B9D1730}.Release|Any CPU.Build.0 = Release|Any CPU
		{7A06A577-28C5-4668-876C-F2BF20F85B9D}.Debug|Any CPU.ActiveCfg = Debug|Any CPU
		{7A06A577-28C5-4668-876C-F2BF20F85B9D}.Debug|Any CPU.Build.0 = Debug|Any CPU
		{7A06A577-28C5-4668-876C-F2BF20F85B9D}.Release|Any CPU.ActiveCfg = Release|Any CPU
		{7A06A577-28C5-4668-876C-F2BF20F85B9D}.Release|Any CPU.Build.0 = Release|Any CPU
		{5BDF56D6-F0E9-43D1-A54D-E4F3D6ED5191}.Debug|Any CPU.ActiveCfg = Debug|Any CPU
		{5BDF56D6-F0E9-43D1-A54D-E4F3D6ED5191}.Debug|Any CPU.Build.0 = Debug|Any CPU
		{5BDF56D6-F0E9-43D1-A54D-E4F3D6ED5191}.Release|Any CPU.ActiveCfg = Release|Any CPU
		{5BDF56D6-F0E9-43D1-A54D-E4F3D6ED5191}.Release|Any CPU.Build.0 = Release|Any CPU
		{F55FFC36-21D2-40FD-8E38-27A0DD31641F}.Debug|Any CPU.ActiveCfg = Debug|Any CPU
		{F55FFC36-21D2-40FD-8E38-27A0DD31641F}.Debug|Any CPU.Build.0 = Debug|Any CPU
		{F55FFC36-21D2-40FD-8E38-27A0DD31641F}.Release|Any CPU.ActiveCfg = Release|Any CPU
		{F55FFC36-21D2-40FD-8E38-27A0DD31641F}.Release|Any CPU.Build.0 = Release|Any CPU
		{D32EF3D6-CDFC-4F8D-9A6D-602B007A1A00}.Debug|Any CPU.ActiveCfg = Debug|Any CPU
		{D32EF3D6-CDFC-4F8D-9A6D-602B007A1A00}.Debug|Any CPU.Build.0 = Debug|Any CPU
		{D32EF3D6-CDFC-4F8D-9A6D-602B007A1A00}.Release|Any CPU.ActiveCfg = Release|Any CPU
		{D32EF3D6-CDFC-4F8D-9A6D-602B007A1A00}.Release|Any CPU.Build.0 = Release|Any CPU
		{011C0AE4-9E8D-45D2-9D25-56D1EB2AF8ED}.Debug|Any CPU.ActiveCfg = Debug|Any CPU
		{011C0AE4-9E8D-45D2-9D25-56D1EB2AF8ED}.Debug|Any CPU.Build.0 = Debug|Any CPU
		{011C0AE4-9E8D-45D2-9D25-56D1EB2AF8ED}.Release|Any CPU.ActiveCfg = Release|Any CPU
		{011C0AE4-9E8D-45D2-9D25-56D1EB2AF8ED}.Release|Any CPU.Build.0 = Release|Any CPU
		{DF48D5DC-C0DA-41EC-A1FF-8CFFBB942371}.Debug|Any CPU.ActiveCfg = Debug|Any CPU
		{DF48D5DC-C0DA-41EC-A1FF-8CFFBB942371}.Debug|Any CPU.Build.0 = Debug|Any CPU
		{DF48D5DC-C0DA-41EC-A1FF-8CFFBB942371}.Release|Any CPU.ActiveCfg = Release|Any CPU
		{DF48D5DC-C0DA-41EC-A1FF-8CFFBB942371}.Release|Any CPU.Build.0 = Release|Any CPU
		{8FEBF51F-E76C-4089-8D72-75C466DCABC0}.Debug|Any CPU.ActiveCfg = Debug|Any CPU
		{8FEBF51F-E76C-4089-8D72-75C466DCABC0}.Debug|Any CPU.Build.0 = Debug|Any CPU
		{8FEBF51F-E76C-4089-8D72-75C466DCABC0}.Release|Any CPU.ActiveCfg = Release|Any CPU
		{8FEBF51F-E76C-4089-8D72-75C466DCABC0}.Release|Any CPU.Build.0 = Release|Any CPU
		{0963FE04-BA14-4214-A0C4-4813DC9BED53}.Debug|Any CPU.ActiveCfg = Debug|Any CPU
		{0963FE04-BA14-4214-A0C4-4813DC9BED53}.Debug|Any CPU.Build.0 = Debug|Any CPU
		{0963FE04-BA14-4214-A0C4-4813DC9BED53}.Release|Any CPU.ActiveCfg = Release|Any CPU
		{0963FE04-BA14-4214-A0C4-4813DC9BED53}.Release|Any CPU.Build.0 = Release|Any CPU
		{F1EB1380-4CF1-4257-AD26-7B2AE15CA64B}.Debug|Any CPU.ActiveCfg = Debug|Any CPU
		{F1EB1380-4CF1-4257-AD26-7B2AE15CA64B}.Debug|Any CPU.Build.0 = Debug|Any CPU
		{F1EB1380-4CF1-4257-AD26-7B2AE15CA64B}.Release|Any CPU.ActiveCfg = Release|Any CPU
		{F1EB1380-4CF1-4257-AD26-7B2AE15CA64B}.Release|Any CPU.Build.0 = Release|Any CPU
		{6E212242-5224-4856-A353-35D3B3210D7B}.Debug|Any CPU.ActiveCfg = Debug|Any CPU
		{6E212242-5224-4856-A353-35D3B3210D7B}.Debug|Any CPU.Build.0 = Debug|Any CPU
		{6E212242-5224-4856-A353-35D3B3210D7B}.Release|Any CPU.ActiveCfg = Release|Any CPU
		{6E212242-5224-4856-A353-35D3B3210D7B}.Release|Any CPU.Build.0 = Release|Any CPU
		{2FD94273-158F-4ECF-BFE2-9B7A5AF8F08C}.Debug|Any CPU.ActiveCfg = Debug|Any CPU
		{2FD94273-158F-4ECF-BFE2-9B7A5AF8F08C}.Debug|Any CPU.Build.0 = Debug|Any CPU
		{2FD94273-158F-4ECF-BFE2-9B7A5AF8F08C}.Release|Any CPU.ActiveCfg = Release|Any CPU
		{2FD94273-158F-4ECF-BFE2-9B7A5AF8F08C}.Release|Any CPU.Build.0 = Release|Any CPU
		{2F824D4B-C7E4-4EA8-BD4B-812E379DA218}.Debug|Any CPU.ActiveCfg = Debug|Any CPU
		{2F824D4B-C7E4-4EA8-BD4B-812E379DA218}.Debug|Any CPU.Build.0 = Debug|Any CPU
		{2F824D4B-C7E4-4EA8-BD4B-812E379DA218}.Release|Any CPU.ActiveCfg = Release|Any CPU
		{2F824D4B-C7E4-4EA8-BD4B-812E379DA218}.Release|Any CPU.Build.0 = Release|Any CPU
		{C1668E78-31C4-4E85-B6F2-E4FB07C28A77}.Debug|Any CPU.ActiveCfg = Debug|Any CPU
		{C1668E78-31C4-4E85-B6F2-E4FB07C28A77}.Debug|Any CPU.Build.0 = Debug|Any CPU
		{C1668E78-31C4-4E85-B6F2-E4FB07C28A77}.Release|Any CPU.ActiveCfg = Release|Any CPU
		{C1668E78-31C4-4E85-B6F2-E4FB07C28A77}.Release|Any CPU.Build.0 = Release|Any CPU
		{FF8AD0FA-8116-4016-ABC0-2F5205DD7BE2}.Debug|Any CPU.ActiveCfg = Debug|Any CPU
		{FF8AD0FA-8116-4016-ABC0-2F5205DD7BE2}.Debug|Any CPU.Build.0 = Debug|Any CPU
		{FF8AD0FA-8116-4016-ABC0-2F5205DD7BE2}.Release|Any CPU.ActiveCfg = Release|Any CPU
		{FF8AD0FA-8116-4016-ABC0-2F5205DD7BE2}.Release|Any CPU.Build.0 = Release|Any CPU
		{4FDDF6EB-FC6D-471E-890B-EB58EA071466}.Debug|Any CPU.ActiveCfg = Debug|Any CPU
		{4FDDF6EB-FC6D-471E-890B-EB58EA071466}.Debug|Any CPU.Build.0 = Debug|Any CPU
		{4FDDF6EB-FC6D-471E-890B-EB58EA071466}.Release|Any CPU.ActiveCfg = Release|Any CPU
		{4FDDF6EB-FC6D-471E-890B-EB58EA071466}.Release|Any CPU.Build.0 = Release|Any CPU
		{2DC6045C-DC93-4C86-AC6F-640660594700}.Debug|Any CPU.ActiveCfg = Debug|Any CPU
		{2DC6045C-DC93-4C86-AC6F-640660594700}.Debug|Any CPU.Build.0 = Debug|Any CPU
		{2DC6045C-DC93-4C86-AC6F-640660594700}.Release|Any CPU.ActiveCfg = Release|Any CPU
		{2DC6045C-DC93-4C86-AC6F-640660594700}.Release|Any CPU.Build.0 = Release|Any CPU
		{F03D427B-A8A3-43DA-91C1-132ADB83B940}.Debug|Any CPU.ActiveCfg = Debug|Any CPU
		{F03D427B-A8A3-43DA-91C1-132ADB83B940}.Debug|Any CPU.Build.0 = Debug|Any CPU
		{F03D427B-A8A3-43DA-91C1-132ADB83B940}.Release|Any CPU.ActiveCfg = Release|Any CPU
		{F03D427B-A8A3-43DA-91C1-132ADB83B940}.Release|Any CPU.Build.0 = Release|Any CPU
	EndGlobalSection
	GlobalSection(SolutionProperties) = preSolution
		HideSolutionNode = FALSE
	EndGlobalSection
EndGlobal
